
Microsoft Visual Studio Solution File, Format Version 12.00
# Visual Studio Version 17
VisualStudioVersion = 17.9.34728.123
MinimumVisualStudioVersion = 10.0.40219.1
Project("{FAE04EC0-301F-11D3-BF4B-00C04F79EFBC}") = "PVNetworkingTest", "PVNetworkingTest\PVNetworkingTest.csproj", "{73CD551B-A19B-47AE-B73D-DEFE8E0086AD}"
EndProject
Global
	GlobalSection(SolutionConfigurationPlatforms) = preSolution
		Debug|Any CPU = Debug|Any CPU
		Release|Any CPU = Release|Any CPU
	EndGlobalSection
	GlobalSection(ProjectConfigurationPlatforms) = postSolution
		{73CD551B-A19B-47AE-B73D-DEFE8E0086AD}.Debug|Any CPU.ActiveCfg = Debug|Any CPU
		{73CD551B-A19B-47AE-B73D-DEFE8E0086AD}.Debug|Any CPU.Build.0 = Debug|Any CPU
		{73CD551B-A19B-47AE-B73D-DEFE8E0086AD}.Release|Any CPU.ActiveCfg = Release|Any CPU
		{73CD551B-A19B-47AE-B73D-DEFE8E0086AD}.Release|Any CPU.Build.0 = Release|Any CPU
	EndGlobalSection
	GlobalSection(SolutionProperties) = preSolution
		HideSolutionNode = FALSE
	EndGlobalSection
	GlobalSection(ExtensibilityGlobals) = postSolution
		SolutionGuid = {0BC8AF41-CEBA-4291-A4F3-A06F0E9AF6BD}
	EndGlobalSection
EndGlobal
